
Microsoft Visual Studio Solution File, Format Version 12.00
# Visual Studio Version 17
VisualStudioVersion = 17.1.32421.90
MinimumVisualStudioVersion = 10.0.40219.1
Project("{FAE04EC0-301F-11D3-BF4B-00C04F79EFBC}") = "Life.API", "Life.API\Life.API.csproj", "{BC06C50E-9051-49E4-B919-51C9CD031913}"
EndProject
Project("{FAE04EC0-301F-11D3-BF4B-00C04F79EFBC}") = "Life.Data", "Life.Data\Life.Data.csproj", "{5558F709-3741-4D8A-A018-B01D7B2E4BE8}"
EndProject
Global
	GlobalSection(SolutionConfigurationPlatforms) = preSolution
		Debug|Any CPU = Debug|Any CPU
		Release|Any CPU = Release|Any CPU
	EndGlobalSection
	GlobalSection(ProjectConfigurationPlatforms) = postSolution
		{BC06C50E-9051-49E4-B919-51C9CD031913}.Debug|Any CPU.ActiveCfg = Debug|Any CPU
		{BC06C50E-9051-49E4-B919-51C9CD031913}.Debug|Any CPU.Build.0 = Debug|Any CPU
		{BC06C50E-9051-49E4-B919-51C9CD031913}.Release|Any CPU.ActiveCfg = Release|Any CPU
		{BC06C50E-9051-49E4-B919-51C9CD031913}.Release|Any CPU.Build.0 = Release|Any CPU
		{5558F709-3741-4D8A-A018-B01D7B2E4BE8}.Debug|Any CPU.ActiveCfg = Debug|Any CPU
		{5558F709-3741-4D8A-A018-B01D7B2E4BE8}.Debug|Any CPU.Build.0 = Debug|Any CPU
		{5558F709-3741-4D8A-A018-B01D7B2E4BE8}.Release|Any CPU.ActiveCfg = Release|Any CPU
		{5558F709-3741-4D8A-A018-B01D7B2E4BE8}.Release|Any CPU.Build.0 = Release|Any CPU
	EndGlobalSection
	GlobalSection(SolutionProperties) = preSolution
		HideSolutionNode = FALSE
	EndGlobalSection
	GlobalSection(ExtensibilityGlobals) = postSolution
		SolutionGuid = {16C9D1A8-E3CB-4C57-B9F3-75B991406728}
	EndGlobalSection
EndGlobal
